
Microsoft Visual Studio Solution File, Format Version 11.00
# Visual Studio 2010
Project("{FAE04EC0-301F-11D3-BF4B-00C04F79EFBC}") = "Assembly-CSharp", "Assembly-CSharp.csproj", "{37b4b78c-624e-1b5b-2496-6aec6b59e811}"
EndProject
Project("{FAE04EC0-301F-11D3-BF4B-00C04F79EFBC}") = "Assembly-CSharp-Editor", "Assembly-CSharp-Editor.csproj", "{a3a88bf7-f229-50ca-cbb8-2e4d37fe51f9}"
EndProject
Global
	GlobalSection(SolutionConfigurationPlatforms) = preSolution
		Debug|Any CPU = Debug|Any CPU
	EndGlobalSection
	GlobalSection(ProjectConfigurationPlatforms) = postSolution
		{37b4b78c-624e-1b5b-2496-6aec6b59e811}.Debug|Any CPU.ActiveCfg = Debug|Any CPU
		{37b4b78c-624e-1b5b-2496-6aec6b59e811}.Debug|Any CPU.Build.0 = Debug|Any CPU
		{a3a88bf7-f229-50ca-cbb8-2e4d37fe51f9}.Debug|Any CPU.ActiveCfg = Debug|Any CPU
		{a3a88bf7-f229-50ca-cbb8-2e4d37fe51f9}.Debug|Any CPU.Build.0 = Debug|Any CPU
	EndGlobalSection
	GlobalSection(SolutionProperties) = preSolution
		HideSolutionNode = FALSE
	EndGlobalSection
EndGlobal
